
Microsoft Visual Studio Solution File, Format Version 12.00
# Visual Studio Version 17
VisualStudioVersion = 17.3.32922.545
MinimumVisualStudioVersion = 10.0.40219.1
Project("{FAE04EC0-301F-11D3-BF4B-00C04F79EFBC}") = "LeetCodeSolutions", "LeetCodeSolutions\LeetCodeSolutions.csproj", "{913698B2-AB69-4463-8C6B-7034873E30F2}"
EndProject
Project("{FAE04EC0-301F-11D3-BF4B-00C04F79EFBC}") = "LeetCodeTests", "LeetCodeTests\LeetCodeTests.csproj", "{DA41E7E1-7116-44D9-A7E2-C6FA664A7FD6}"
EndProject
Global
	GlobalSection(SolutionConfigurationPlatforms) = preSolution
		Debug|Any CPU = Debug|Any CPU
		Release|Any CPU = Release|Any CPU
	EndGlobalSection
	GlobalSection(ProjectConfigurationPlatforms) = postSolution
		{913698B2-AB69-4463-8C6B-7034873E30F2}.Debug|Any CPU.ActiveCfg = Debug|Any CPU
		{913698B2-AB69-4463-8C6B-7034873E30F2}.Debug|Any CPU.Build.0 = Debug|Any CPU
		{913698B2-AB69-4463-8C6B-7034873E30F2}.Release|Any CPU.ActiveCfg = Release|Any CPU
		{913698B2-AB69-4463-8C6B-7034873E30F2}.Release|Any CPU.Build.0 = Release|Any CPU
		{DA41E7E1-7116-44D9-A7E2-C6FA664A7FD6}.Debug|Any CPU.ActiveCfg = Debug|Any CPU
		{DA41E7E1-7116-44D9-A7E2-C6FA664A7FD6}.Debug|Any CPU.Build.0 = Debug|Any CPU
		{DA41E7E1-7116-44D9-A7E2-C6FA664A7FD6}.Release|Any CPU.ActiveCfg = Release|Any CPU
		{DA41E7E1-7116-44D9-A7E2-C6FA664A7FD6}.Release|Any CPU.Build.0 = Release|Any CPU
	EndGlobalSection
	GlobalSection(SolutionProperties) = preSolution
		HideSolutionNode = FALSE
	EndGlobalSection
	GlobalSection(ExtensibilityGlobals) = postSolution
		SolutionGuid = {63646C9D-8954-4AB1-A5BB-E76F3993DF15}
	EndGlobalSection
EndGlobal
