
Microsoft Visual Studio Solution File, Format Version 12.00
# Visual Studio Version 17
VisualStudioVersion = 17.10.35027.167
MinimumVisualStudioVersion = 10.0.40219.1
Project("{FAE04EC0-301F-11D3-BF4B-00C04F79EFBC}") = "LeetCode", "LeetCode\LeetCode.csproj", "{9FCDADCB-9790-4451-9875-0382188A65C5}"
EndProject
Project("{FAE04EC0-301F-11D3-BF4B-00C04F79EFBC}") = "LeetCode.Tests", "LeetCode.Tests\LeetCode.Tests.csproj", "{4E5C54B1-59CF-4D54-AEB4-CB62E73148AB}"
EndProject
Global
	GlobalSection(SolutionConfigurationPlatforms) = preSolution
		Debug|Any CPU = Debug|Any CPU
		Release|Any CPU = Release|Any CPU
	EndGlobalSection
	GlobalSection(ProjectConfigurationPlatforms) = postSolution
		{9FCDADCB-9790-4451-9875-0382188A65C5}.Debug|Any CPU.ActiveCfg = Debug|Any CPU
		{9FCDADCB-9790-4451-9875-0382188A65C5}.Debug|Any CPU.Build.0 = Debug|Any CPU
		{9FCDADCB-9790-4451-9875-0382188A65C5}.Release|Any CPU.ActiveCfg = Release|Any CPU
		{9FCDADCB-9790-4451-9875-0382188A65C5}.Release|Any CPU.Build.0 = Release|Any CPU
		{4E5C54B1-59CF-4D54-AEB4-CB62E73148AB}.Debug|Any CPU.ActiveCfg = Debug|Any CPU
		{4E5C54B1-59CF-4D54-AEB4-CB62E73148AB}.Debug|Any CPU.Build.0 = Debug|Any CPU
		{4E5C54B1-59CF-4D54-AEB4-CB62E73148AB}.Release|Any CPU.ActiveCfg = Release|Any CPU
		{4E5C54B1-59CF-4D54-AEB4-CB62E73148AB}.Release|Any CPU.Build.0 = Release|Any CPU
	EndGlobalSection
	GlobalSection(SolutionProperties) = preSolution
		HideSolutionNode = FALSE
	EndGlobalSection
	GlobalSection(ExtensibilityGlobals) = postSolution
		SolutionGuid = {541F5087-ED4B-45C9-8E64-68E6C096CEF3}
	EndGlobalSection
EndGlobal
